
Microsoft Visual Studio Solution File, Format Version 12.00
# Visual Studio 2013
VisualStudioVersion = 12.0.31101.0
MinimumVisualStudioVersion = 10.0.40219.1
Project("{8BC9CEB8-8B4A-11D0-8D11-00A0C91BC942}") = "Game", "Game\proj.win32\Game.vcxproj", "{072C746E-FCD2-4F01-99DD-EDA88DFECC0E}"
	ProjectSection(ProjectDependencies) = postProject
		{21B2C324-891F-48EA-AD1A-5AE13DE12E28} = {21B2C324-891F-48EA-AD1A-5AE13DE12E28}
		{C759C42E-E972-4D0A-B9E0-0FD0C32FD96E} = {C759C42E-E972-4D0A-B9E0-0FD0C32FD96E}
		{B84F7231-16CE-41D8-8C08-7B523FF4225B} = {B84F7231-16CE-41D8-8C08-7B523FF4225B}
		{3E283F37-A4ED-41B7-A3E6-A2D89D131A30} = {3E283F37-A4ED-41B7-A3E6-A2D89D131A30}
		{7B865A41-BDAD-4B06-A954-43E114EC2A83} = {7B865A41-BDAD-4B06-A954-43E114EC2A83}
		{9BC43D5E-4781-4C11-8679-B9D6D4E2AAFA} = {9BC43D5E-4781-4C11-8679-B9D6D4E2AAFA}
		{A86C5E61-4A06-469D-8213-0C1990A8219F} = {A86C5E61-4A06-469D-8213-0C1990A8219F}
		{DDC3E27F-004D-4DD4-9DD3-931A013D2159} = {DDC3E27F-004D-4DD4-9DD3-931A013D2159}
		{98A51BA8-FC3A-415B-AC8F-8C7BD464E93E} = {98A51BA8-FC3A-415B-AC8F-8C7BD464E93E}
		{F8EDD7FA-9A51-4E80-BAEB-860825D2EAC6} = {F8EDD7FA-9A51-4E80-BAEB-860825D2EAC6}
	EndProjectSection
EndProject
Project("{2150E333-8FDC-42A3-9474-1A3956D46DE8}") = "cocos", "cocos", "{1C357875-EEA5-4BE2-9BA7-7F419BD208E7}"
EndProject
Project("{2150E333-8FDC-42A3-9474-1A3956D46DE8}") = "games", "games", "{426FEA95-2EF9-48BE-ACB9-7E6F18263ECB}"
EndProject
Project("{8BC9CEB8-8B4A-11D0-8D11-00A0C91BC942}") = "91lib", "91lib\win32\91lib.vcxproj", "{7B865A41-BDAD-4B06-A954-43E114EC2A83}"
EndProject
Project("{8BC9CEB8-8B4A-11D0-8D11-00A0C91BC942}") = "libOS", "LibOS\win32\libOS.vcxproj", "{9BC43D5E-4781-4C11-8679-B9D6D4E2AAFA}"
EndProject
Project("{8BC9CEB8-8B4A-11D0-8D11-00A0C91BC942}") = "com4loves", "com4lovesSDK\com4loves\com4loves.vcxproj", "{A86C5E61-4A06-469D-8213-0C1990A8219F}"
EndProject
Project("{8BC9CEB8-8B4A-11D0-8D11-00A0C91BC942}") = "core", "..\Code_Core\core\proj.win32\core.vcxproj", "{C759C42E-E972-4D0A-B9E0-0FD0C32FD96E}"
EndProject
Project("{8BC9CEB8-8B4A-11D0-8D11-00A0C91BC942}") = "lib_json", "..\Code_Core\jsoncpp-src-0.5.0\makefiles\vs71\lib_json.vcxproj", "{B84F7231-16CE-41D8-8C08-7B523FF4225B}"
EndProject
Project("{8BC9CEB8-8B4A-11D0-8D11-00A0C91BC942}") = "libcocos2d", "..\Code_Core\cocos2dx\proj.win32\cocos2d.vcxproj", "{98A51BA8-FC3A-415B-AC8F-8C7BD464E93E}"
EndProject
Project("{8BC9CEB8-8B4A-11D0-8D11-00A0C91BC942}") = "libCocosDenshion", "..\Code_Core\CocosDenshion\proj.win32\CocosDenshion.vcxproj", "{F8EDD7FA-9A51-4E80-BAEB-860825D2EAC6}"
	ProjectSection(ProjectDependencies) = postProject
		{98A51BA8-FC3A-415B-AC8F-8C7BD464E93E} = {98A51BA8-FC3A-415B-AC8F-8C7BD464E93E}
	EndProjectSection
EndProject
Project("{8BC9CEB8-8B4A-11D0-8D11-00A0C91BC942}") = "libExtensions", "..\Code_Core\extensions\proj.win32\libExtensions.vcxproj", "{21B2C324-891F-48EA-AD1A-5AE13DE12E28}"
EndProject
Project("{8BC9CEB8-8B4A-11D0-8D11-00A0C91BC942}") = "liblua", "..\Code_Core\scripting\lua\proj.win32\liblua.vcxproj", "{DDC3E27F-004D-4DD4-9DD3-931A013D2159}"
	ProjectSection(ProjectDependencies) = postProject
		{21B2C324-891F-48EA-AD1A-5AE13DE12E28} = {21B2C324-891F-48EA-AD1A-5AE13DE12E28}
		{98A51BA8-FC3A-415B-AC8F-8C7BD464E93E} = {98A51BA8-FC3A-415B-AC8F-8C7BD464E93E}
	EndProjectSection
EndProject
Project("{8BC9CEB8-8B4A-11D0-8D11-00A0C91BC942}") = "libprotobuf", "..\Code_Core\protobuf-2.5.0rc1\vsprojects\libprotobuf.vcxproj", "{3E283F37-A4ED-41B7-A3E6-A2D89D131A30}"
EndProject
Project("{8BC9CEB8-8B4A-11D0-8D11-00A0C91BC942}") = "Utility", "..\Code_Core\Utility\encryption_aes.vcxproj", "{7585E6F6-0BC7-4AA8-BE41-E3ACD6857878}"
EndProject
Project("{5697748A-77EF-44CA-8824-4F5637E5945B}") = "Lua", "..\Resource_bc\Lua.luaproj", "{E439935D-B2A2-46AE-856D-2AA408428F33}"
EndProject
Global
	GlobalSection(SolutionConfigurationPlatforms) = preSolution
		Debug|Any CPU = Debug|Any CPU
		Debug|Mixed Platforms = Debug|Mixed Platforms
		Debug|Tegra-Android = Debug|Tegra-Android
		Debug|Win32 = Debug|Win32
		dummy|Any CPU = dummy|Any CPU
		dummy|Mixed Platforms = dummy|Mixed Platforms
		dummy|Tegra-Android = dummy|Tegra-Android
		dummy|Win32 = dummy|Win32
		Release|Any CPU = Release|Any CPU
		Release|Mixed Platforms = Release|Mixed Platforms
		Release|Tegra-Android = Release|Tegra-Android
		Release|Win32 = Release|Win32
	EndGlobalSection
	GlobalSection(ProjectConfigurationPlatforms) = postSolution
		{072C746E-FCD2-4F01-99DD-EDA88DFECC0E}.Debug|Any CPU.ActiveCfg = Debug|Win32
		{072C746E-FCD2-4F01-99DD-EDA88DFECC0E}.Debug|Mixed Platforms.ActiveCfg = Debug|Win32
		{072C746E-FCD2-4F01-99DD-EDA88DFECC0E}.Debug|Mixed Platforms.Build.0 = Debug|Win32
		{072C746E-FCD2-4F01-99DD-EDA88DFECC0E}.Debug|Tegra-Android.ActiveCfg = Debug|Win32
		{072C746E-FCD2-4F01-99DD-EDA88DFECC0E}.Debug|Win32.ActiveCfg = Debug|Win32
		{072C746E-FCD2-4F01-99DD-EDA88DFECC0E}.Debug|Win32.Build.0 = Debug|Win32
		{072C746E-FCD2-4F01-99DD-EDA88DFECC0E}.dummy|Any CPU.ActiveCfg = Debug|Win32
		{072C746E-FCD2-4F01-99DD-EDA88DFECC0E}.dummy|Mixed Platforms.ActiveCfg = Debug|Win32
		{072C746E-FCD2-4F01-99DD-EDA88DFECC0E}.dummy|Mixed Platforms.Build.0 = Debug|Win32
		{072C746E-FCD2-4F01-99DD-EDA88DFECC0E}.dummy|Tegra-Android.ActiveCfg = Debug|Win32
		{072C746E-FCD2-4F01-99DD-EDA88DFECC0E}.dummy|Win32.ActiveCfg = Debug|Win32
		{072C746E-FCD2-4F01-99DD-EDA88DFECC0E}.dummy|Win32.Build.0 = Debug|Win32
		{072C746E-FCD2-4F01-99DD-EDA88DFECC0E}.Release|Any CPU.ActiveCfg = Release|Win32
		{072C746E-FCD2-4F01-99DD-EDA88DFECC0E}.Release|Mixed Platforms.ActiveCfg = Release|Win32
		{072C746E-FCD2-4F01-99DD-EDA88DFECC0E}.Release|Mixed Platforms.Build.0 = Release|Win32
		{072C746E-FCD2-4F01-99DD-EDA88DFECC0E}.Release|Tegra-Android.ActiveCfg = Release|Win32
		{072C746E-FCD2-4F01-99DD-EDA88DFECC0E}.Release|Win32.ActiveCfg = Release|Win32
		{072C746E-FCD2-4F01-99DD-EDA88DFECC0E}.Release|Win32.Build.0 = Release|Win32
		{7B865A41-BDAD-4B06-A954-43E114EC2A83}.Debug|Any CPU.ActiveCfg = Debug|Win32
		{7B865A41-BDAD-4B06-A954-43E114EC2A83}.Debug|Mixed Platforms.ActiveCfg = Debug|Win32
		{7B865A41-BDAD-4B06-A954-43E114EC2A83}.Debug|Mixed Platforms.Build.0 = Debug|Win32
		{7B865A41-BDAD-4B06-A954-43E114EC2A83}.Debug|Tegra-Android.ActiveCfg = Debug|Win32
		{7B865A41-BDAD-4B06-A954-43E114EC2A83}.Debug|Win32.ActiveCfg = Debug|Win32
		{7B865A41-BDAD-4B06-A954-43E114EC2A83}.Debug|Win32.Build.0 = Debug|Win32
		{7B865A41-BDAD-4B06-A954-43E114EC2A83}.dummy|Any CPU.ActiveCfg = Debug|Win32
		{7B865A41-BDAD-4B06-A954-43E114EC2A83}.dummy|Mixed Platforms.ActiveCfg = Debug|Win32
		{7B865A41-BDAD-4B06-A954-43E114EC2A83}.dummy|Mixed Platforms.Build.0 = Debug|Win32
		{7B865A41-BDAD-4B06-A954-43E114EC2A83}.dummy|Tegra-Android.ActiveCfg = Debug|Win32
		{7B865A41-BDAD-4B06-A954-43E114EC2A83}.dummy|Win32.ActiveCfg = Debug|Win32
		{7B865A41-BDAD-4B06-A954-43E114EC2A83}.dummy|Win32.Build.0 = Debug|Win32
		{7B865A41-BDAD-4B06-A954-43E114EC2A83}.Release|Any CPU.ActiveCfg = Release|Win32
		{7B865A41-BDAD-4B06-A954-43E114EC2A83}.Release|Mixed Platforms.ActiveCfg = Release|Win32
		{7B865A41-BDAD-4B06-A954-43E114EC2A83}.Release|Mixed Platforms.Build.0 = Release|Win32
		{7B865A41-BDAD-4B06-A954-43E114EC2A83}.Release|Tegra-Android.ActiveCfg = Release|Win32
		{7B865A41-BDAD-4B06-A954-43E114EC2A83}.Release|Win32.ActiveCfg = Release|Win32
		{7B865A41-BDAD-4B06-A954-43E114EC2A83}.Release|Win32.Build.0 = Release|Win32
		{9BC43D5E-4781-4C11-8679-B9D6D4E2AAFA}.Debug|Any CPU.ActiveCfg = Debug|Win32
		{9BC43D5E-4781-4C11-8679-B9D6D4E2AAFA}.Debug|Mixed Platforms.ActiveCfg = Debug|Win32
		{9BC43D5E-4781-4C11-8679-B9D6D4E2AAFA}.Debug|Mixed Platforms.Build.0 = Debug|Win32
		{9BC43D5E-4781-4C11-8679-B9D6D4E2AAFA}.Debug|Tegra-Android.ActiveCfg = Debug|Win32
		{9BC43D5E-4781-4C11-8679-B9D6D4E2AAFA}.Debug|Win32.ActiveCfg = Debug|Win32
		{9BC43D5E-4781-4C11-8679-B9D6D4E2AAFA}.Debug|Win32.Build.0 = Debug|Win32
		{9BC43D5E-4781-4C11-8679-B9D6D4E2AAFA}.dummy|Any CPU.ActiveCfg = Debug|Win32
		{9BC43D5E-4781-4C11-8679-B9D6D4E2AAFA}.dummy|Mixed Platforms.ActiveCfg = Debug|Win32
		{9BC43D5E-4781-4C11-8679-B9D6D4E2AAFA}.dummy|Mixed Platforms.Build.0 = Debug|Win32
		{9BC43D5E-4781-4C11-8679-B9D6D4E2AAFA}.dummy|Tegra-Android.ActiveCfg = Debug|Win32
		{9BC43D5E-4781-4C11-8679-B9D6D4E2AAFA}.dummy|Win32.ActiveCfg = Debug|Win32
		{9BC43D5E-4781-4C11-8679-B9D6D4E2AAFA}.dummy|Win32.Build.0 = Debug|Win32
		{9BC43D5E-4781-4C11-8679-B9D6D4E2AAFA}.Release|Any CPU.ActiveCfg = Release|Win32
		{9BC43D5E-4781-4C11-8679-B9D6D4E2AAFA}.Release|Mixed Platforms.ActiveCfg = Release|Win32
		{9BC43D5E-4781-4C11-8679-B9D6D4E2AAFA}.Release|Mixed Platforms.Build.0 = Release|Win32
		{9BC43D5E-4781-4C11-8679-B9D6D4E2AAFA}.Release|Tegra-Android.ActiveCfg = Release|Win32
		{9BC43D5E-4781-4C11-8679-B9D6D4E2AAFA}.Release|Win32.ActiveCfg = Release|Win32
		{9BC43D5E-4781-4C11-8679-B9D6D4E2AAFA}.Release|Win32.Build.0 = Release|Win32
		{A86C5E61-4A06-469D-8213-0C1990A8219F}.Debug|Any CPU.ActiveCfg = Debug|Win32
		{A86C5E61-4A06-469D-8213-0C1990A8219F}.Debug|Mixed Platforms.ActiveCfg = Debug|Win32
		{A86C5E61-4A06-469D-8213-0C1990A8219F}.Debug|Mixed Platforms.Build.0 = Debug|Win32
		{A86C5E61-4A06-469D-8213-0C1990A8219F}.Debug|Tegra-Android.ActiveCfg = Debug|Win32
		{A86C5E61-4A06-469D-8213-0C1990A8219F}.Debug|Win32.ActiveCfg = Debug|Win32
		{A86C5E61-4A06-469D-8213-0C1990A8219F}.Debug|Win32.Build.0 = Debug|Win32
		{A86C5E61-4A06-469D-8213-0C1990A8219F}.dummy|Any CPU.ActiveCfg = Debug|Win32
		{A86C5E61-4A06-469D-8213-0C1990A8219F}.dummy|Mixed Platforms.ActiveCfg = Debug|Win32
		{A86C5E61-4A06-469D-8213-0C1990A8219F}.dummy|Mixed Platforms.Build.0 = Debug|Win32
		{A86C5E61-4A06-469D-8213-0C1990A8219F}.dummy|Tegra-Android.ActiveCfg = Debug|Win32
		{A86C5E61-4A06-469D-8213-0C1990A8219F}.dummy|Win32.ActiveCfg = Debug|Win32
		{A86C5E61-4A06-469D-8213-0C1990A8219F}.dummy|Win32.Build.0 = Debug|Win32
		{A86C5E61-4A06-469D-8213-0C1990A8219F}.Release|Any CPU.ActiveCfg = Release|Win32
		{A86C5E61-4A06-469D-8213-0C1990A8219F}.Release|Mixed Platforms.ActiveCfg = Release|Win32
		{A86C5E61-4A06-469D-8213-0C1990A8219F}.Release|Mixed Platforms.Build.0 = Release|Win32
		{A86C5E61-4A06-469D-8213-0C1990A8219F}.Release|Tegra-Android.ActiveCfg = Release|Win32
		{A86C5E61-4A06-469D-8213-0C1990A8219F}.Release|Win32.ActiveCfg = Release|Win32
		{A86C5E61-4A06-469D-8213-0C1990A8219F}.Release|Win32.Build.0 = Release|Win32
		{C759C42E-E972-4D0A-B9E0-0FD0C32FD96E}.Debug|Any CPU.ActiveCfg = Debug|Win32
		{C759C42E-E972-4D0A-B9E0-0FD0C32FD96E}.Debug|Mixed Platforms.ActiveCfg = Debug|Win32
		{C759C42E-E972-4D0A-B9E0-0FD0C32FD96E}.Debug|Mixed Platforms.Build.0 = Debug|Win32
		{C759C42E-E972-4D0A-B9E0-0FD0C32FD96E}.Debug|Tegra-Android.ActiveCfg = Debug|Win32
		{C759C42E-E972-4D0A-B9E0-0FD0C32FD96E}.Debug|Win32.ActiveCfg = Debug|Win32
		{C759C42E-E972-4D0A-B9E0-0FD0C32FD96E}.Debug|Win32.Build.0 = Debug|Win32
		{C759C42E-E972-4D0A-B9E0-0FD0C32FD96E}.dummy|Any CPU.ActiveCfg = Debug|Win32
		{C759C42E-E972-4D0A-B9E0-0FD0C32FD96E}.dummy|Mixed Platforms.ActiveCfg = Debug|Win32
		{C759C42E-E972-4D0A-B9E0-0FD0C32FD96E}.dummy|Mixed Platforms.Build.0 = Debug|Win32
		{C759C42E-E972-4D0A-B9E0-0FD0C32FD96E}.dummy|Tegra-Android.ActiveCfg = Debug|Win32
		{C759C42E-E972-4D0A-B9E0-0FD0C32FD96E}.dummy|Win32.ActiveCfg = Debug|Win32
		{C759C42E-E972-4D0A-B9E0-0FD0C32FD96E}.dummy|Win32.Build.0 = Debug|Win32
		{C759C42E-E972-4D0A-B9E0-0FD0C32FD96E}.Release|Any CPU.ActiveCfg = Release|Win32
		{C759C42E-E972-4D0A-B9E0-0FD0C32FD96E}.Release|Mixed Platforms.ActiveCfg = Release|Win32
		{C759C42E-E972-4D0A-B9E0-0FD0C32FD96E}.Release|Mixed Platforms.Build.0 = Release|Win32
		{C759C42E-E972-4D0A-B9E0-0FD0C32FD96E}.Release|Tegra-Android.ActiveCfg = Release|Win32
		{C759C42E-E972-4D0A-B9E0-0FD0C32FD96E}.Release|Win32.ActiveCfg = Release|Win32
		{C759C42E-E972-4D0A-B9E0-0FD0C32FD96E}.Release|Win32.Build.0 = Release|Win32
		{B84F7231-16CE-41D8-8C08-7B523FF4225B}.Debug|Any CPU.ActiveCfg = Debug|Win32
		{B84F7231-16CE-41D8-8C08-7B523FF4225B}.Debug|Mixed Platforms.ActiveCfg = Debug|Win32
		{B84F7231-16CE-41D8-8C08-7B523FF4225B}.Debug|Mixed Platforms.Build.0 = Debug|Win32
		{B84F7231-16CE-41D8-8C08-7B523FF4225B}.Debug|Tegra-Android.ActiveCfg = Debug|Win32
		{B84F7231-16CE-41D8-8C08-7B523FF4225B}.Debug|Win32.ActiveCfg = Debug|Win32
		{B84F7231-16CE-41D8-8C08-7B523FF4225B}.Debug|Win32.Build.0 = Debug|Win32
		{B84F7231-16CE-41D8-8C08-7B523FF4225B}.dummy|Any CPU.ActiveCfg = dummy|Win32
		{B84F7231-16CE-41D8-8C08-7B523FF4225B}.dummy|Mixed Platforms.ActiveCfg = dummy|Win32
		{B84F7231-16CE-41D8-8C08-7B523FF4225B}.dummy|Mixed Platforms.Build.0 = dummy|Win32
		{B84F7231-16CE-41D8-8C08-7B523FF4225B}.dummy|Tegra-Android.ActiveCfg = dummy|Win32
		{B84F7231-16CE-41D8-8C08-7B523FF4225B}.dummy|Win32.ActiveCfg = dummy|Win32
		{B84F7231-16CE-41D8-8C08-7B523FF4225B}.dummy|Win32.Build.0 = dummy|Win32
		{B84F7231-16CE-41D8-8C08-7B523FF4225B}.Release|Any CPU.ActiveCfg = Release|Win32
		{B84F7231-16CE-41D8-8C08-7B523FF4225B}.Release|Mixed Platforms.ActiveCfg = Release|Win32
		{B84F7231-16CE-41D8-8C08-7B523FF4225B}.Release|Mixed Platforms.Build.0 = Release|Win32
		{B84F7231-16CE-41D8-8C08-7B523FF4225B}.Release|Tegra-Android.ActiveCfg = Release|Win32
		{B84F7231-16CE-41D8-8C08-7B523FF4225B}.Release|Win32.ActiveCfg = Release|Win32
		{B84F7231-16CE-41D8-8C08-7B523FF4225B}.Release|Win32.Build.0 = Release|Win32
		{98A51BA8-FC3A-415B-AC8F-8C7BD464E93E}.Debug|Any CPU.ActiveCfg = Debug|Win32
		{98A51BA8-FC3A-415B-AC8F-8C7BD464E93E}.Debug|Mixed Platforms.ActiveCfg = Debug|Win32
		{98A51BA8-FC3A-415B-AC8F-8C7BD464E93E}.Debug|Mixed Platforms.Build.0 = Debug|Win32
		{98A51BA8-FC3A-415B-AC8F-8C7BD464E93E}.Debug|Tegra-Android.ActiveCfg = Debug|Win32
		{98A51BA8-FC3A-415B-AC8F-8C7BD464E93E}.Debug|Win32.ActiveCfg = Debug|Win32
		{98A51BA8-FC3A-415B-AC8F-8C7BD464E93E}.Debug|Win32.Build.0 = Debug|Win32
		{98A51BA8-FC3A-415B-AC8F-8C7BD464E93E}.dummy|Any CPU.ActiveCfg = Debug|Win32
		{98A51BA8-FC3A-415B-AC8F-8C7BD464E93E}.dummy|Mixed Platforms.ActiveCfg = Debug|Win32
		{98A51BA8-FC3A-415B-AC8F-8C7BD464E93E}.dummy|Mixed Platforms.Build.0 = Debug|Win32
		{98A51BA8-FC3A-415B-AC8F-8C7BD464E93E}.dummy|Tegra-Android.ActiveCfg = Debug|Win32
		{98A51BA8-FC3A-415B-AC8F-8C7BD464E93E}.dummy|Win32.ActiveCfg = Debug|Win32
		{98A51BA8-FC3A-415B-AC8F-8C7BD464E93E}.dummy|Win32.Build.0 = Debug|Win32
		{98A51BA8-FC3A-415B-AC8F-8C7BD464E93E}.Release|Any CPU.ActiveCfg = Release|Win32
		{98A51BA8-FC3A-415B-AC8F-8C7BD464E93E}.Release|Mixed Platforms.ActiveCfg = Release|Win32
		{98A51BA8-FC3A-415B-AC8F-8C7BD464E93E}.Release|Mixed Platforms.Build.0 = Release|Win32
		{98A51BA8-FC3A-415B-AC8F-8C7BD464E93E}.Release|Tegra-Android.ActiveCfg = Release|Win32
		{98A51BA8-FC3A-415B-AC8F-8C7BD464E93E}.Release|Win32.ActiveCfg = Release|Win32
		{98A51BA8-FC3A-415B-AC8F-8C7BD464E93E}.Release|Win32.Build.0 = Release|Win32
		{F8EDD7FA-9A51-4E80-BAEB-860825D2EAC6}.Debug|Any CPU.ActiveCfg = Debug|Win32
		{F8EDD7FA-9A51-4E80-BAEB-860825D2EAC6}.Debug|Mixed Platforms.ActiveCfg = Debug|Win32
		{F8EDD7FA-9A51-4E80-BAEB-860825D2EAC6}.Debug|Mixed Platforms.Build.0 = Debug|Win32
		{F8EDD7FA-9A51-4E80-BAEB-860825D2EAC6}.Debug|Tegra-Android.ActiveCfg = Debug|Win32
		{F8EDD7FA-9A51-4E80-BAEB-860825D2EAC6}.Debug|Win32.ActiveCfg = Debug|Win32
		{F8EDD7FA-9A51-4E80-BAEB-860825D2EAC6}.Debug|Win32.Build.0 = Debug|Win32
		{F8EDD7FA-9A51-4E80-BAEB-860825D2EAC6}.dummy|Any CPU.ActiveCfg = Debug|Win32
		{F8EDD7FA-9A51-4E80-BAEB-860825D2EAC6}.dummy|Mixed Platforms.ActiveCfg = Debug|Win32
		{F8EDD7FA-9A51-4E80-BAEB-860825D2EAC6}.dummy|Mixed Platforms.Build.0 = Debug|Win32
		{F8EDD7FA-9A51-4E80-BAEB-860825D2EAC6}.dummy|Tegra-Android.ActiveCfg = Debug|Win32
		{F8EDD7FA-9A51-4E80-BAEB-860825D2EAC6}.dummy|Win32.ActiveCfg = Debug|Win32
		{F8EDD7FA-9A51-4E80-BAEB-860825D2EAC6}.dummy|Win32.Build.0 = Debug|Win32
		{F8EDD7FA-9A51-4E80-BAEB-860825D2EAC6}.Release|Any CPU.ActiveCfg = Release|Win32
		{F8EDD7FA-9A51-4E80-BAEB-860825D2EAC6}.Release|Mixed Platforms.ActiveCfg = Release|Win32
		{F8EDD7FA-9A51-4E80-BAEB-860825D2EAC6}.Release|Mixed Platforms.Build.0 = Release|Win32
		{F8EDD7FA-9A51-4E80-BAEB-860825D2EAC6}.Release|Tegra-Android.ActiveCfg = Release|Win32
		{F8EDD7FA-9A51-4E80-BAEB-860825D2EAC6}.Release|Win32.ActiveCfg = Release|Win32
		{F8EDD7FA-9A51-4E80-BAEB-860825D2EAC6}.Release|Win32.Build.0 = Release|Win32
		{21B2C324-891F-48EA-AD1A-5AE13DE12E28}.Debug|Any CPU.ActiveCfg = Debug|Win32
		{21B2C324-891F-48EA-AD1A-5AE13DE12E28}.Debug|Mixed Platforms.ActiveCfg = Debug|Win32
		{21B2C324-891F-48EA-AD1A-5AE13DE12E28}.Debug|Mixed Platforms.Build.0 = Debug|Win32
		{21B2C324-891F-48EA-AD1A-5AE13DE12E28}.Debug|Tegra-Android.ActiveCfg = Debug|Win32
		{21B2C324-891F-48EA-AD1A-5AE13DE12E28}.Debug|Win32.ActiveCfg = Debug|Win32
		{21B2C324-891F-48EA-AD1A-5AE13DE12E28}.Debug|Win32.Build.0 = Debug|Win32
		{21B2C324-891F-48EA-AD1A-5AE13DE12E28}.dummy|Any CPU.ActiveCfg = Debug|Win32
		{21B2C324-891F-48EA-AD1A-5AE13DE12E28}.dummy|Mixed Platforms.ActiveCfg = Debug|Win32
		{21B2C324-891F-48EA-AD1A-5AE13DE12E28}.dummy|Mixed Platforms.Build.0 = Debug|Win32
		{21B2C324-891F-48EA-AD1A-5AE13DE12E28}.dummy|Tegra-Android.ActiveCfg = Debug|Win32
		{21B2C324-891F-48EA-AD1A-5AE13DE12E28}.dummy|Win32.ActiveCfg = Debug|Win32
		{21B2C324-891F-48EA-AD1A-5AE13DE12E28}.dummy|Win32.Build.0 = Debug|Win32
		{21B2C324-891F-48EA-AD1A-5AE13DE12E28}.Release|Any CPU.ActiveCfg = Release|Win32
		{21B2C324-891F-48EA-AD1A-5AE13DE12E28}.Release|Mixed Platforms.ActiveCfg = Release|Win32
		{21B2C324-891F-48EA-AD1A-5AE13DE12E28}.Release|Mixed Platforms.Build.0 = Release|Win32
		{21B2C324-891F-48EA-AD1A-5AE13DE12E28}.Release|Tegra-Android.ActiveCfg = Release|Win32
		{21B2C324-891F-48EA-AD1A-5AE13DE12E28}.Release|Win32.ActiveCfg = Release|Win32
		{21B2C324-891F-48EA-AD1A-5AE13DE12E28}.Release|Win32.Build.0 = Release|Win32
		{DDC3E27F-004D-4DD4-9DD3-931A013D2159}.Debug|Any CPU.ActiveCfg = Debug|Win32
		{DDC3E27F-004D-4DD4-9DD3-931A013D2159}.Debug|Mixed Platforms.ActiveCfg = Debug|Win32
		{DDC3E27F-004D-4DD4-9DD3-931A013D2159}.Debug|Mixed Platforms.Build.0 = Debug|Win32
		{DDC3E27F-004D-4DD4-9DD3-931A013D2159}.Debug|Tegra-Android.ActiveCfg = Debug|Win32
		{DDC3E27F-004D-4DD4-9DD3-931A013D2159}.Debug|Win32.ActiveCfg = Debug|Win32
		{DDC3E27F-004D-4DD4-9DD3-931A013D2159}.Debug|Win32.Build.0 = Debug|Win32
		{DDC3E27F-004D-4DD4-9DD3-931A013D2159}.dummy|Any CPU.ActiveCfg = Debug|Win32
		{DDC3E27F-004D-4DD4-9DD3-931A013D2159}.dummy|Mixed Platforms.ActiveCfg = Debug|Win32
		{DDC3E27F-004D-4DD4-9DD3-931A013D2159}.dummy|Mixed Platforms.Build.0 = Debug|Win32
		{DDC3E27F-004D-4DD4-9DD3-931A013D2159}.dummy|Tegra-Android.ActiveCfg = Debug|Win32
		{DDC3E27F-004D-4DD4-9DD3-931A013D2159}.dummy|Win32.ActiveCfg = Debug|Win32
		{DDC3E27F-004D-4DD4-9DD3-931A013D2159}.dummy|Win32.Build.0 = Debug|Win32
		{DDC3E27F-004D-4DD4-9DD3-931A013D2159}.Release|Any CPU.ActiveCfg = Release|Win32
		{DDC3E27F-004D-4DD4-9DD3-931A013D2159}.Release|Mixed Platforms.ActiveCfg = Release|Win32
		{DDC3E27F-004D-4DD4-9DD3-931A013D2159}.Release|Mixed Platforms.Build.0 = Release|Win32
		{DDC3E27F-004D-4DD4-9DD3-931A013D2159}.Release|Tegra-Android.ActiveCfg = Release|Win32
		{DDC3E27F-004D-4DD4-9DD3-931A013D2159}.Release|Win32.ActiveCfg = Release|Win32
		{DDC3E27F-004D-4DD4-9DD3-931A013D2159}.Release|Win32.Build.0 = Release|Win32
		{3E283F37-A4ED-41B7-A3E6-A2D89D131A30}.Debug|Any CPU.ActiveCfg = Debug|Win32
		{3E283F37-A4ED-41B7-A3E6-A2D89D131A30}.Debug|Mixed Platforms.ActiveCfg = Debug|Win32
		{3E283F37-A4ED-41B7-A3E6-A2D89D131A30}.Debug|Mixed Platforms.Build.0 = Debug|Win32
		{3E283F37-A4ED-41B7-A3E6-A2D89D131A30}.Debug|Tegra-Android.ActiveCfg = Debug|Win32
		{3E283F37-A4ED-41B7-A3E6-A2D89D131A30}.Debug|Win32.ActiveCfg = Debug|Win32
		{3E283F37-A4ED-41B7-A3E6-A2D89D131A30}.Debug|Win32.Build.0 = Debug|Win32
		{3E283F37-A4ED-41B7-A3E6-A2D89D131A30}.dummy|Any CPU.ActiveCfg = Debug|Win32
		{3E283F37-A4ED-41B7-A3E6-A2D89D131A30}.dummy|Mixed Platforms.ActiveCfg = Debug|Win32
		{3E283F37-A4ED-41B7-A3E6-A2D89D131A30}.dummy|Mixed Platforms.Build.0 = Debug|Win32
		{3E283F37-A4ED-41B7-A3E6-A2D89D131A30}.dummy|Tegra-Android.ActiveCfg = Debug|Win32
		{3E283F37-A4ED-41B7-A3E6-A2D89D131A30}.dummy|Win32.ActiveCfg = Debug|Win32
		{3E283F37-A4ED-41B7-A3E6-A2D89D131A30}.dummy|Win32.Build.0 = Debug|Win32
		{3E283F37-A4ED-41B7-A3E6-A2D89D131A30}.Release|Any CPU.ActiveCfg = Release|Win32
		{3E283F37-A4ED-41B7-A3E6-A2D89D131A30}.Release|Mixed Platforms.ActiveCfg = Release|Win32
		{3E283F37-A4ED-41B7-A3E6-A2D89D131A30}.Release|Mixed Platforms.Build.0 = Release|Win32
		{3E283F37-A4ED-41B7-A3E6-A2D89D131A30}.Release|Tegra-Android.ActiveCfg = Release|Win32
		{3E283F37-A4ED-41B7-A3E6-A2D89D131A30}.Release|Win32.ActiveCfg = Release|Win32
		{3E283F37-A4ED-41B7-A3E6-A2D89D131A30}.Release|Win32.Build.0 = Release|Win32
		{7585E6F6-0BC7-4AA8-BE41-E3ACD6857878}.Debug|Any CPU.ActiveCfg = Debug|Win32
		{7585E6F6-0BC7-4AA8-BE41-E3ACD6857878}.Debug|Mixed Platforms.ActiveCfg = Debug|Win32
		{7585E6F6-0BC7-4AA8-BE41-E3ACD6857878}.Debug|Tegra-Android.ActiveCfg = Debug|Win32
		{7585E6F6-0BC7-4AA8-BE41-E3ACD6857878}.Debug|Win32.ActiveCfg = Debug|Win32
		{7585E6F6-0BC7-4AA8-BE41-E3ACD6857878}.Debug|Win32.Build.0 = Debug|Win32
		{7585E6F6-0BC7-4AA8-BE41-E3ACD6857878}.dummy|Any CPU.ActiveCfg = Debug|Win32
		{7585E6F6-0BC7-4AA8-BE41-E3ACD6857878}.dummy|Mixed Platforms.ActiveCfg = Debug|Win32
		{7585E6F6-0BC7-4AA8-BE41-E3ACD6857878}.dummy|Tegra-Android.ActiveCfg = Debug|Win32
		{7585E6F6-0BC7-4AA8-BE41-E3ACD6857878}.dummy|Win32.ActiveCfg = Debug|Win32
		{7585E6F6-0BC7-4AA8-BE41-E3ACD6857878}.dummy|Win32.Build.0 = Debug|Win32
		{7585E6F6-0BC7-4AA8-BE41-E3ACD6857878}.Release|Any CPU.ActiveCfg = Release|Win32
		{7585E6F6-0BC7-4AA8-BE41-E3ACD6857878}.Release|Mixed Platforms.ActiveCfg = Release|Win32
		{7585E6F6-0BC7-4AA8-BE41-E3ACD6857878}.Release|Tegra-Android.ActiveCfg = Release|Win32
		{7585E6F6-0BC7-4AA8-BE41-E3ACD6857878}.Release|Win32.ActiveCfg = Release|Win32
		{7585E6F6-0BC7-4AA8-BE41-E3ACD6857878}.Release|Win32.Build.0 = Release|Win32
		{E439935D-B2A2-46AE-856D-2AA408428F33}.Debug|Any CPU.ActiveCfg = Debug|Any CPU
		{E439935D-B2A2-46AE-856D-2AA408428F33}.Debug|Any CPU.Build.0 = Debug|Any CPU
		{E439935D-B2A2-46AE-856D-2AA408428F33}.Debug|Mixed Platforms.ActiveCfg = Debug|Any CPU
		{E439935D-B2A2-46AE-856D-2AA408428F33}.Debug|Mixed Platforms.Build.0 = Debug|Any CPU
		{E439935D-B2A2-46AE-856D-2AA408428F33}.Debug|Tegra-Android.ActiveCfg = Debug|Any CPU
		{E439935D-B2A2-46AE-856D-2AA408428F33}.Debug|Win32.ActiveCfg = Debug|Any CPU
		{E439935D-B2A2-46AE-856D-2AA408428F33}.dummy|Any CPU.ActiveCfg = Debug|Any CPU
		{E439935D-B2A2-46AE-856D-2AA408428F33}.dummy|Any CPU.Build.0 = Debug|Any CPU
		{E439935D-B2A2-46AE-856D-2AA408428F33}.dummy|Mixed Platforms.ActiveCfg = Debug|Any CPU
		{E439935D-B2A2-46AE-856D-2AA408428F33}.dummy|Mixed Platforms.Build.0 = Debug|Any CPU
		{E439935D-B2A2-46AE-856D-2AA408428F33}.dummy|Tegra-Android.ActiveCfg = Debug|Any CPU
		{E439935D-B2A2-46AE-856D-2AA408428F33}.dummy|Win32.ActiveCfg = Debug|Any CPU
		{E439935D-B2A2-46AE-856D-2AA408428F33}.Release|Any CPU.ActiveCfg = Release|Any CPU
		{E439935D-B2A2-46AE-856D-2AA408428F33}.Release|Any CPU.Build.0 = Release|Any CPU
		{E439935D-B2A2-46AE-856D-2AA408428F33}.Release|Mixed Platforms.ActiveCfg = Release|Any CPU
		{E439935D-B2A2-46AE-856D-2AA408428F33}.Release|Mixed Platforms.Build.0 = Release|Any CPU
		{E439935D-B2A2-46AE-856D-2AA408428F33}.Release|Tegra-Android.ActiveCfg = Release|Any CPU
		{E439935D-B2A2-46AE-856D-2AA408428F33}.Release|Win32.ActiveCfg = Release|Any CPU
	EndGlobalSection
	GlobalSection(SolutionProperties) = preSolution
		HideSolutionNode = FALSE
	EndGlobalSection
	GlobalSection(NestedProjects) = preSolution
		{072C746E-FCD2-4F01-99DD-EDA88DFECC0E} = {426FEA95-2EF9-48BE-ACB9-7E6F18263ECB}
		{7B865A41-BDAD-4B06-A954-43E114EC2A83} = {426FEA95-2EF9-48BE-ACB9-7E6F18263ECB}
		{9BC43D5E-4781-4C11-8679-B9D6D4E2AAFA} = {426FEA95-2EF9-48BE-ACB9-7E6F18263ECB}
		{A86C5E61-4A06-469D-8213-0C1990A8219F} = {426FEA95-2EF9-48BE-ACB9-7E6F18263ECB}
		{C759C42E-E972-4D0A-B9E0-0FD0C32FD96E} = {1C357875-EEA5-4BE2-9BA7-7F419BD208E7}
		{B84F7231-16CE-41D8-8C08-7B523FF4225B} = {1C357875-EEA5-4BE2-9BA7-7F419BD208E7}
		{98A51BA8-FC3A-415B-AC8F-8C7BD464E93E} = {1C357875-EEA5-4BE2-9BA7-7F419BD208E7}
		{F8EDD7FA-9A51-4E80-BAEB-860825D2EAC6} = {1C357875-EEA5-4BE2-9BA7-7F419BD208E7}
		{21B2C324-891F-48EA-AD1A-5AE13DE12E28} = {1C357875-EEA5-4BE2-9BA7-7F419BD208E7}
		{DDC3E27F-004D-4DD4-9DD3-931A013D2159} = {1C357875-EEA5-4BE2-9BA7-7F419BD208E7}
		{3E283F37-A4ED-41B7-A3E6-A2D89D131A30} = {1C357875-EEA5-4BE2-9BA7-7F419BD208E7}
		{7585E6F6-0BC7-4AA8-BE41-E3ACD6857878} = {426FEA95-2EF9-48BE-ACB9-7E6F18263ECB}
	EndGlobalSection
	GlobalSection(DPCodeReviewSolutionGUID) = preSolution
		DPCodeReviewSolutionGUID = {00000000-0000-0000-0000-000000000000}
	EndGlobalSection
EndGlobal
